
Microsoft Visual Studio Solution File, Format Version 12.00
# Visual Studio Version 16
VisualStudioVersion = 16.0.29418.71
MinimumVisualStudioVersion = 10.0.40219.1
Project("{FAE04EC0-301F-11D3-BF4B-00C04F79EFBC}") = "TriviaGUI", "TriviaGUI\TriviaGUI.csproj", "{B2538DAE-7430-4855-A705-A20613E46903}"
EndProject
Global
	GlobalSection(SolutionConfigurationPlatforms) = preSolution
		Debug|Any CPU = Debug|Any CPU
		Release|Any CPU = Release|Any CPU
	EndGlobalSection
	GlobalSection(ProjectConfigurationPlatforms) = postSolution
		{B2538DAE-7430-4855-A705-A20613E46903}.Debug|Any CPU.ActiveCfg = Debug|Any CPU
		{B2538DAE-7430-4855-A705-A20613E46903}.Debug|Any CPU.Build.0 = Debug|Any CPU
		{B2538DAE-7430-4855-A705-A20613E46903}.Release|Any CPU.ActiveCfg = Release|Any CPU
		{B2538DAE-7430-4855-A705-A20613E46903}.Release|Any CPU.Build.0 = Release|Any CPU
	EndGlobalSection
	GlobalSection(SolutionProperties) = preSolution
		HideSolutionNode = FALSE
	EndGlobalSection
	GlobalSection(ExtensibilityGlobals) = postSolution
		SolutionGuid = {68E042B0-681A-4866-8BF2-08785BF90387}
	EndGlobalSection
EndGlobal
